# This file was autogenerated by Stack.
# You should not edit this file by hand.
# For more information, please see the documentation at:
#   https://docs.haskellstack.org/en/stable/lock_files

packages:
- completed:
    hackage: envy-2.1.0.0@sha256:0ffdc2e84ddd7414b9bfe17939f83a374f32935502db6d4a73b27cf92343d35c,1705
    pantry-tree:
      size: 368
      sha256: 988a7937cff064ea6d523d64f7812861722b0fa3b085b82e18b7e59d404ff1c8
  original:
    hackage: envy-2.1.0.0@sha256:0ffdc2e84ddd7414b9bfe17939f83a374f32935502db6d4a73b27cf92343d35c,1705
- completed:
    hackage: extensible-0.7@sha256:12dfa21548aba9f3b02a2f708a935240bae43383945f41e4e9054f37e421035b,2859
    pantry-tree:
      size: 2149
      sha256: 732d4bf93a15cbbbaa344ae3ee1e2bdbfa12b0c90df9595c18d543da9d29a33c
  original:
    hackage: extensible-0.7@sha256:12dfa21548aba9f3b02a2f708a935240bae43383945f41e4e9054f37e421035b,2859
- completed:
    hackage: membership-0@sha256:3a11d8fd53cb1a76bb9273e6c929bbf9d649f109714bf487abb3143be04ddc81,995
    pantry-tree:
      size: 408
      sha256: 3b593e0d14e848e318e745555776ebb25210e5e3dec4fde5d3c08ab51ceddc62
  original:
    hackage: membership-0@sha256:3a11d8fd53cb1a76bb9273e6c929bbf9d649f109714bf487abb3143be04ddc81,995
snapshots:
- completed:
    size: 471953
    url: https://raw.githubusercontent.com/commercialhaskell/stackage-snapshots/master/nightly/2020/2/3.yaml
    sha256: 8da4ca77844dfe7f7386a6e3e9417c7a05b395dd4310a816a379ad6dab908dc7
  original: nightly-2020-02-03
