# This file was autogenerated by Stack.
# You should not edit this file by hand.
# For more information, please see the documentation at:
#   https://docs.haskellstack.org/en/stable/lock_files

packages:
- completed:
    hackage: extensible-0.7@sha256:12dfa21548aba9f3b02a2f708a935240bae43383945f41e4e9054f37e421035b,2859
    pantry-tree:
      size: 2149
      sha256: 732d4bf93a15cbbbaa344ae3ee1e2bdbfa12b0c90df9595c18d543da9d29a33c
  original:
    hackage: extensible-0.7@sha256:12dfa21548aba9f3b02a2f708a935240bae43383945f41e4e9054f37e421035b,2859
- completed:
    hackage: membership-0@sha256:3a11d8fd53cb1a76bb9273e6c929bbf9d649f109714bf487abb3143be04ddc81,995
    pantry-tree:
      size: 408
      sha256: 3b593e0d14e848e318e745555776ebb25210e5e3dec4fde5d3c08ab51ceddc62
  original:
    hackage: membership-0@sha256:3a11d8fd53cb1a76bb9273e6c929bbf9d649f109714bf487abb3143be04ddc81,995
snapshots:
- completed:
    size: 524162
    url: https://raw.githubusercontent.com/commercialhaskell/stackage-snapshots/master/lts/14/21.yaml
    sha256: 9a55dd75853718f2bbbe951872b36a3b7802fcd71796e0f25b8664f24e34c666
  original: lts-14.21
